// !$*UTF8*$!
{
	archiveVersion = 1;
	classes = {
	};
	objectVersion = 50;
	objects = {

/* Begin PBXBuildFile section */
		84F824B924333BFA006FCBE9 /* AppDelegate.swift in Sources */ = {isa = PBXBuildFile; fileRef = 84F824B824333BFA006FCBE9 /* AppDelegate.swift */; };
		84F824BB24333BFA006FCBE9 /* SceneDelegate.swift in Sources */ = {isa = PBXBuildFile; fileRef = 84F824BA24333BFA006FCBE9 /* SceneDelegate.swift */; };
		84F824BD24333BFA006FCBE9 /* ContentView.swift in Sources */ = {isa = PBXBuildFile; fileRef = 84F824BC24333BFA006FCBE9 /* ContentView.swift */; };
		84F824BF24333BFC006FCBE9 /* Assets.xcassets in Resources */ = {isa = PBXBuildFile; fileRef = 84F824BE24333BFC006FCBE9 /* Assets.xcassets */; };
		84F824C224333BFC006FCBE9 /* Preview Assets.xcassets in Resources */ = {isa = PBXBuildFile; fileRef = 84F824C124333BFC006FCBE9 /* Preview Assets.xcassets */; };
		84F824C524333BFC006FCBE9 /* LaunchScreen.storyboard in Resources */ = {isa = PBXBuildFile; fileRef = 84F824C324333BFC006FCBE9 /* LaunchScreen.storyboard */; };
		84F824D324333C90006FCBE9 /* AppDelegate.swift in Sources */ = {isa = PBXBuildFile; fileRef = 84F824D224333C90006FCBE9 /* AppDelegate.swift */; };
		84F824D524333C90006FCBE9 /* ContentView.swift in Sources */ = {isa = PBXBuildFile; fileRef = 84F824D424333C90006FCBE9 /* ContentView.swift */; };
		84F824D724333C91006FCBE9 /* Assets.xcassets in Resources */ = {isa = PBXBuildFile; fileRef = 84F824D624333C91006FCBE9 /* Assets.xcassets */; };
		84F824DA24333C91006FCBE9 /* Preview Assets.xcassets in Resources */ = {isa = PBXBuildFile; fileRef = 84F824D924333C91006FCBE9 /* Preview Assets.xcassets */; };
		84F824DD24333C91006FCBE9 /* Main.storyboard in Resources */ = {isa = PBXBuildFile; fileRef = 84F824DB24333C91006FCBE9 /* Main.storyboard */; };
/* End PBXBuildFile section */

/* Begin PBXFileReference section */
		84F824B524333BF9006FCBE9 /* NuTwitter.app */ = {isa = PBXFileReference; explicitFileType = wrapper.application; includeInIndex = 0; path = NuTwitter.app; sourceTree = BUILT_PRODUCTS_DIR; };
		84F824B824333BFA006FCBE9 /* AppDelegate.swift */ = {isa = PBXFileReference; lastKnownFileType = sourcecode.swift; path = AppDelegate.swift; sourceTree = "<group>"; };
		84F824BA24333BFA006FCBE9 /* SceneDelegate.swift */ = {isa = PBXFileReference; lastKnownFileType = sourcecode.swift; path = SceneDelegate.swift; sourceTree = "<group>"; };
		84F824BC24333BFA006FCBE9 /* ContentView.swift */ = {isa = PBXFileReference; lastKnownFileType = sourcecode.swift; path = ContentView.swift; sourceTree = "<group>"; };
		84F824BE24333BFC006FCBE9 /* Assets.xcassets */ = {isa = PBXFileReference; lastKnownFileType = folder.assetcatalog; path = Assets.xcassets; sourceTree = "<group>"; };
		84F824C124333BFC006FCBE9 /* Preview Assets.xcassets */ = {isa = PBXFileReference; lastKnownFileType = folder.assetcatalog; path = "Preview Assets.xcassets"; sourceTree = "<group>"; };
		84F824C424333BFC006FCBE9 /* Base */ = {isa = PBXFileReference; lastKnownFileType = file.storyboard; name = Base; path = Base.lproj/LaunchScreen.storyboard; sourceTree = "<group>"; };
		84F824C624333BFC006FCBE9 /* Info.plist */ = {isa = PBXFileReference; lastKnownFileType = text.plist.xml; path = Info.plist; sourceTree = "<group>"; };
		84F824D024333C90006FCBE9 /* NuTwitterMac.app */ = {isa = PBXFileReference; explicitFileType = wrapper.application; includeInIndex = 0; path = NuTwitterMac.app; sourceTree = BUILT_PRODUCTS_DIR; };
		84F824D224333C90006FCBE9 /* AppDelegate.swift */ = {isa = PBXFileReference; lastKnownFileType = sourcecode.swift; path = AppDelegate.swift; sourceTree = "<group>"; };
		84F824D424333C90006FCBE9 /* ContentView.swift */ = {isa = PBXFileReference; lastKnownFileType = sourcecode.swift; path = ContentView.swift; sourceTree = "<group>"; };
		84F824D624333C91006FCBE9 /* Assets.xcassets */ = {isa = PBXFileReference; lastKnownFileType = folder.assetcatalog; path = Assets.xcassets; sourceTree = "<group>"; };
		84F824D924333C91006FCBE9 /* Preview Assets.xcassets */ = {isa = PBXFileReference; lastKnownFileType = folder.assetcatalog; path = "Preview Assets.xcassets"; sourceTree = "<group>"; };
		84F824DC24333C91006FCBE9 /* Base */ = {isa = PBXFileReference; lastKnownFileType = file.storyboard; name = Base; path = Base.lproj/Main.storyboard; sourceTree = "<group>"; };
		84F824DE24333C91006FCBE9 /* Info.plist */ = {isa = PBXFileReference; lastKnownFileType = text.plist.xml; path = Info.plist; sourceTree = "<group>"; };
		84F824DF24333C91006FCBE9 /* NuTwitterMac.entitlements */ = {isa = PBXFileReference; lastKnownFileType = text.plist.entitlements; path = NuTwitterMac.entitlements; sourceTree = "<group>"; };
/* End PBXFileReference section */

/* Begin PBXFrameworksBuildPhase section */
		84F824B224333BF9006FCBE9 /* Frameworks */ = {
			isa = PBXFrameworksBuildPhase;
			buildActionMask = 2147483647;
			files = (
			);
			runOnlyForDeploymentPostprocessing = 0;
		};
		84F824CD24333C90006FCBE9 /* Frameworks */ = {
			isa = PBXFrameworksBuildPhase;
			buildActionMask = 2147483647;
			files = (
			);
			runOnlyForDeploymentPostprocessing = 0;
		};
/* End PBXFrameworksBuildPhase section */

/* Begin PBXGroup section */
		84F824AC24333BF9006FCBE9 = {
			isa = PBXGroup;
			children = (
				84F824B724333BF9006FCBE9 /* NuTwitter */,
				84F824D124333C90006FCBE9 /* NuTwitterMac */,
				84F824B624333BF9006FCBE9 /* Products */,
			);
			sourceTree = "<group>";
		};
		84F824B624333BF9006FCBE9 /* Products */ = {
			isa = PBXGroup;
			children = (
				84F824B524333BF9006FCBE9 /* NuTwitter.app */,
				84F824D024333C90006FCBE9 /* NuTwitterMac.app */,
			);
			name = Products;
			sourceTree = "<group>";
		};
		84F824B724333BF9006FCBE9 /* NuTwitter */ = {
			isa = PBXGroup;
			children = (
				84F824B824333BFA006FCBE9 /* AppDelegate.swift */,
				84F824BA24333BFA006FCBE9 /* SceneDelegate.swift */,
				84F824BC24333BFA006FCBE9 /* ContentView.swift */,
				84F824BE24333BFC006FCBE9 /* Assets.xcassets */,
				84F824C324333BFC006FCBE9 /* LaunchScreen.storyboard */,
				84F824C624333BFC006FCBE9 /* Info.plist */,
				84F824C024333BFC006FCBE9 /* Preview Content */,
			);
			path = NuTwitter;
			sourceTree = "<group>";
		};
		84F824C024333BFC006FCBE9 /* Preview Content */ = {
			isa = PBXGroup;
			children = (
				84F824C124333BFC006FCBE9 /* Preview Assets.xcassets */,
			);
			path = "Preview Content";
			sourceTree = "<group>";
		};
		84F824D124333C90006FCBE9 /* NuTwitterMac */ = {
			isa = PBXGroup;
			children = (
				84F824D224333C90006FCBE9 /* AppDelegate.swift */,
				84F824D424333C90006FCBE9 /* ContentView.swift */,
				84F824D624333C91006FCBE9 /* Assets.xcassets */,
				84F824DB24333C91006FCBE9 /* Main.storyboard */,
				84F824DE24333C91006FCBE9 /* Info.plist */,
				84F824DF24333C91006FCBE9 /* NuTwitterMac.entitlements */,
				84F824D824333C91006FCBE9 /* Preview Content */,
			);
			path = NuTwitterMac;
			sourceTree = "<group>";
		};
		84F824D824333C91006FCBE9 /* Preview Content */ = {
			isa = PBXGroup;
			children = (
				84F824D924333C91006FCBE9 /* Preview Assets.xcassets */,
			);
			path = "Preview Content";
			sourceTree = "<group>";
		};
/* End PBXGroup section */

/* Begin PBXNativeTarget section */
		84F824B424333BF9006FCBE9 /* NuTwitter */ = {
			isa = PBXNativeTarget;
			buildConfigurationList = 84F824C924333BFC006FCBE9 /* Build configuration list for PBXNativeTarget "NuTwitter" */;
			buildPhases = (
				84F824B124333BF9006FCBE9 /* Sources */,
				84F824B224333BF9006FCBE9 /* Frameworks */,
				84F824B324333BF9006FCBE9 /* Resources */,
			);
			buildRules = (
			);
			dependencies = (
			);
			name = NuTwitter;
			productName = NuTwitter;
			productReference = 84F824B524333BF9006FCBE9 /* NuTwitter.app */;
			productType = "com.apple.product-type.application";
		};
		84F824CF24333C90006FCBE9 /* NuTwitterMac */ = {
			isa = PBXNativeTarget;
			buildConfigurationList = 84F824E024333C91006FCBE9 /* Build configuration list for PBXNativeTarget "NuTwitterMac" */;
			buildPhases = (
				84F824CC24333C90006FCBE9 /* Sources */,
				84F824CD24333C90006FCBE9 /* Frameworks */,
				84F824CE24333C90006FCBE9 /* Resources */,
			);
			buildRules = (
			);
			dependencies = (
			);
			name = NuTwitterMac;
			productName = NuTwitterMac;
			productReference = 84F824D024333C90006FCBE9 /* NuTwitterMac.app */;
			productType = "com.apple.product-type.application";
		};
/* End PBXNativeTarget section */

/* Begin PBXProject section */
		84F824AD24333BF9006FCBE9 /* Project object */ = {
			isa = PBXProject;
			attributes = {
				LastSwiftUpdateCheck = 1140;
				LastUpgradeCheck = 1140;
				ORGANIZATIONNAME = "CJ Gaspari";
				TargetAttributes = {
					84F824B424333BF9006FCBE9 = {
						CreatedOnToolsVersion = 11.4;
					};
					84F824CF24333C90006FCBE9 = {
						CreatedOnToolsVersion = 11.4;
					};
				};
			};
			buildConfigurationList = 84F824B024333BF9006FCBE9 /* Build configuration list for PBXProject "NuTwitter" */;
			compatibilityVersion = "Xcode 9.3";
			developmentRegion = en;
			hasScannedForEncodings = 0;
			knownRegions = (
				en,
				Base,
			);
			mainGroup = 84F824AC24333BF9006FCBE9;
			productRefGroup = 84F824B624333BF9006FCBE9 /* Products */;
			projectDirPath = "";
			projectRoot = "";
			targets = (
				84F824B424333BF9006FCBE9 /* NuTwitter */,
				84F824CF24333C90006FCBE9 /* NuTwitterMac */,
			);
		};
/* End PBXProject section */

/* Begin PBXResourcesBuildPhase section */
		84F824B324333BF9006FCBE9 /* Resources */ = {
			isa = PBXResourcesBuildPhase;
			buildActionMask = 2147483647;
			files = (
				84F824C524333BFC006FCBE9 /* LaunchScreen.storyboard in Resources */,
				84F824C224333BFC006FCBE9 /* Preview Assets.xcassets in Resources */,
				84F824BF24333BFC006FCBE9 /* Assets.xcassets in Resources */,
			);
			runOnlyForDeploymentPostprocessing = 0;
		};
		84F824CE24333C90006FCBE9 /* Resources */ = {
			isa = PBXResourcesBuildPhase;
			buildActionMask = 2147483647;
			files = (
				84F824DD24333C91006FCBE9 /* Main.storyboard in Resources */,
				84F824DA24333C91006FCBE9 /* Preview Assets.xcassets in Resources */,
				84F824D724333C91006FCBE9 /* Assets.xcassets in Resources */,
			);
			runOnlyForDeploymentPostprocessing = 0;
		};
/* End PBXResourcesBuildPhase section */

/* Begin PBXSourcesBuildPhase section */
		84F824B124333BF9006FCBE9 /* Sources */ = {
			isa = PBXSourcesBuildPhase;
			buildActionMask = 2147483647;
			files = (
				84F824B924333BFA006FCBE9 /* AppDelegate.swift in Sources */,
				84F824BB24333BFA006FCBE9 /* SceneDelegate.swift in Sources */,
				84F824BD24333BFA006FCBE9 /* ContentView.swift in Sources */,
			);
			runOnlyForDeploymentPostprocessing = 0;
		};
		84F824CC24333C90006FCBE9 /* Sources */ = {
			isa = PBXSourcesBuildPhase;
			buildActionMask = 2147483647;
			files = (
				84F824D524333C90006FCBE9 /* ContentView.swift in Sources */,
				84F824D324333C90006FCBE9 /* AppDelegate.swift in Sources */,
			);
			runOnlyForDeploymentPostprocessing = 0;
		};
/* End PBXSourcesBuildPhase section */

/* Begin PBXVariantGroup section */
		84F824C324333BFC006FCBE9 /* LaunchScreen.storyboard */ = {
			isa = PBXVariantGroup;
			children = (
				84F824C424333BFC006FCBE9 /* Base */,
			);
			name = LaunchScreen.storyboard;
			sourceTree = "<group>";
		};
		84F824DB24333C91006FCBE9 /* Main.storyboard */ = {
			isa = PBXVariantGroup;
			children = (
				84F824DC24333C91006FCBE9 /* Base */,
			);
			name = Main.storyboard;
			sourceTree = "<group>";
		};
/* End PBXVariantGroup section */

/* Begin XCBuildConfiguration section */
		84F824C724333BFC006FCBE9 /* Debug */ = {
			isa = XCBuildConfiguration;
			buildSettings = {
				ALWAYS_SEARCH_USER_PATHS = NO;
				CLANG_ANALYZER_NONNULL = YES;
				CLANG_ANALYZER_NUMBER_OBJECT_CONVERSION = YES_AGGRESSIVE;
				CLANG_CXX_LANGUAGE_STANDARD = "gnu++14";
				CLANG_CXX_LIBRARY = "libc++";
				CLANG_ENABLE_MODULES = YES;
				CLANG_ENABLE_OBJC_ARC = YES;
				CLANG_ENABLE_OBJC_WEAK = YES;
				CLANG_WARN_BLOCK_CAPTURE_AUTORELEASING = YES;
				CLANG_WARN_BOOL_CONVERSION = YES;
				CLANG_WARN_COMMA = YES;
				CLANG_WARN_CONSTANT_CONVERSION = YES;
				CLANG_WARN_DEPRECATED_OBJC_IMPLEMENTATIONS = YES;
				CLANG_WARN_DIRECT_OBJC_ISA_USAGE = YES_ERROR;
				CLANG_WARN_DOCUMENTATION_COMMENTS = YES;
				CLANG_WARN_EMPTY_BODY = YES;
				CLANG_WARN_ENUM_CONVERSION = YES;
				CLANG_WARN_INFINITE_RECURSION = YES;
				CLANG_WARN_INT_CONVERSION = YES;
				CLANG_WARN_NON_LITERAL_NULL_CONVERSION = YES;
				CLANG_WARN_OBJC_IMPLICIT_RETAIN_SELF = YES;
				CLANG_WARN_OBJC_LITERAL_CONVERSION = YES;
				CLANG_WARN_OBJC_ROOT_CLASS = YES_ERROR;
				CLANG_WARN_RANGE_LOOP_ANALYSIS = YES;
				CLANG_WARN_STRICT_PROTOTYPES = YES;
				CLANG_WARN_SUSPICIOUS_MOVE = YES;
				CLANG_WARN_UNGUARDED_AVAILABILITY = YES_AGGRESSIVE;
				CLANG_WARN_UNREACHABLE_CODE = YES;
				CLANG_WARN__DUPLICATE_METHOD_MATCH = YES;
				COPY_PHASE_STRIP = NO;
				DEBUG_INFORMATION_FORMAT = dwarf;
				ENABLE_STRICT_OBJC_MSGSEND = YES;
				ENABLE_TESTABILITY = YES;
				GCC_C_LANGUAGE_STANDARD = gnu11;
				GCC_DYNAMIC_NO_PIC = NO;
				GCC_NO_COMMON_BLOCKS = YES;
				GCC_OPTIMIZATION_LEVEL = 0;
				GCC_PREPROCESSOR_DEFINITIONS = (
					"DEBUG=1",
					"$(inherited)",
				);
				GCC_WARN_64_TO_32_BIT_CONVERSION = YES;
				GCC_WARN_ABOUT_RETURN_TYPE = YES_ERROR;
				GCC_WARN_UNDECLARED_SELECTOR = YES;
				GCC_WARN_UNINITIALIZED_AUTOS = YES_AGGRESSIVE;
				GCC_WARN_UNUSED_FUNCTION = YES;
				GCC_WARN_UNUSED_VARIABLE = YES;
				IPHONEOS_DEPLOYMENT_TARGET = 13.4;
				MTL_ENABLE_DEBUG_INFO = INCLUDE_SOURCE;
				MTL_FAST_MATH = YES;
				ONLY_ACTIVE_ARCH = YES;
				SDKROOT = iphoneos;
				SWIFT_ACTIVE_COMPILATION_CONDITIONS = DEBUG;
				SWIFT_OPTIMIZATION_LEVEL = "-Onone";
			};
			name = Debug;
		};
		84F824C824333BFC006FCBE9 /* Release */ = {
			isa = XCBuildConfiguration;
			buildSettings = {
				ALWAYS_SEARCH_USER_PATHS = NO;
				CLANG_ANALYZER_NONNULL = YES;
				CLANG_ANALYZER_NUMBER_OBJECT_CONVERSION = YES_AGGRESSIVE;
				CLANG_CXX_LANGUAGE_STANDARD = "gnu++14";
				CLANG_CXX_LIBRARY = "libc++";
				CLANG_ENABLE_MODULES = YES;
				CLANG_ENABLE_OBJC_ARC = YES;
				CLANG_ENABLE_OBJC_WEAK = YES;
				CLANG_WARN_BLOCK_CAPTURE_AUTORELEASING = YES;
				CLANG_WARN_BOOL_CONVERSION = YES;
				CLANG_WARN_COMMA = YES;
				CLANG_WARN_CONSTANT_CONVERSION = YES;
				CLANG_WARN_DEPRECATED_OBJC_IMPLEMENTATIONS = YES;
				CLANG_WARN_DIRECT_OBJC_ISA_USAGE = YES_ERROR;
				CLANG_WARN_DOCUMENTATION_COMMENTS = YES;
				CLANG_WARN_EMPTY_BODY = YES;
				CLANG_WARN_ENUM_CONVERSION = YES;
				CLANG_WARN_INFINITE_RECURSION = YES;
				CLANG_WARN_INT_CONVERSION = YES;
				CLANG_WARN_NON_LITERAL_NULL_CONVERSION = YES;
				CLANG_WARN_OBJC_IMPLICIT_RETAIN_SELF = YES;
				CLANG_WARN_OBJC_LITERAL_CONVERSION = YES;
				CLANG_WARN_OBJC_ROOT_CLASS = YES_ERROR;
				CLANG_WARN_RANGE_LOOP_ANALYSIS = YES;
				CLANG_WARN_STRICT_PROTOTYPES = YES;
				CLANG_WARN_SUSPICIOUS_MOVE = YES;
				CLANG_WARN_UNGUARDED_AVAILABILITY = YES_AGGRESSIVE;
				CLANG_WARN_UNREACHABLE_CODE = YES;
				CLANG_WARN__DUPLICATE_METHOD_MATCH = YES;
				COPY_PHASE_STRIP = NO;
				DEBUG_INFORMATION_FORMAT = "dwarf-with-dsym";
				ENABLE_NS_ASSERTIONS = NO;
				ENABLE_STRICT_OBJC_MSGSEND = YES;
				GCC_C_LANGUAGE_STANDARD = gnu11;
				GCC_NO_COMMON_BLOCKS = YES;
				GCC_WARN_64_TO_32_BIT_CONVERSION = YES;
				GCC_WARN_ABOUT_RETURN_TYPE = YES_ERROR;
				GCC_WARN_UNDECLARED_SELECTOR = YES;
				GCC_WARN_UNINITIALIZED_AUTOS = YES_AGGRESSIVE;
				GCC_WARN_UNUSED_FUNCTION = YES;
				GCC_WARN_UNUSED_VARIABLE = YES;
				IPHONEOS_DEPLOYMENT_TARGET = 13.4;
				MTL_ENABLE_DEBUG_INFO = NO;
				MTL_FAST_MATH = YES;
				SDKROOT = iphoneos;
				SWIFT_COMPILATION_MODE = wholemodule;
				SWIFT_OPTIMIZATION_LEVEL = "-O";
				VALIDATE_PRODUCT = YES;
			};
			name = Release;
		};
		84F824CA24333BFC006FCBE9 /* Debug */ = {
			isa = XCBuildConfiguration;
			buildSettings = {
				ASSETCATALOG_COMPILER_APPICON_NAME = AppIcon;
				CODE_SIGN_STYLE = Automatic;
				DEVELOPMENT_ASSET_PATHS = "\"NuTwitter/Preview Content\"";
				DEVELOPMENT_TEAM = 5ZV7828735;
				ENABLE_PREVIEWS = YES;
				INFOPLIST_FILE = NuTwitter/Info.plist;
				LD_RUNPATH_SEARCH_PATHS = (
					"$(inherited)",
					"@executable_path/Frameworks",
				);
				PRODUCT_BUNDLE_IDENTIFIER = com.cjgaspari.NuTwitter;
				PRODUCT_NAME = "$(TARGET_NAME)";
				SWIFT_VERSION = 5.0;
				TARGETED_DEVICE_FAMILY = "1,2";
			};
			name = Debug;
		};
		84F824CB24333BFC006FCBE9 /* Release */ = {
			isa = XCBuildConfiguration;
			buildSettings = {
				ASSETCATALOG_COMPILER_APPICON_NAME = AppIcon;
				CODE_SIGN_STYLE = Automatic;
				DEVELOPMENT_ASSET_PATHS = "\"NuTwitter/Preview Content\"";
				DEVELOPMENT_TEAM = 5ZV7828735;
				ENABLE_PREVIEWS = YES;
				INFOPLIST_FILE = NuTwitter/Info.plist;
				LD_RUNPATH_SEARCH_PATHS = (
					"$(inherited)",
					"@executable_path/Frameworks",
				);
				PRODUCT_BUNDLE_IDENTIFIER = com.cjgaspari.NuTwitter;
				PRODUCT_NAME = "$(TARGET_NAME)";
				SWIFT_VERSION = 5.0;
				TARGETED_DEVICE_FAMILY = "1,2";
			};
			name = Release;
		};
		84F824E124333C91006FCBE9 /* Debug */ = {
			isa = XCBuildConfiguration;
			buildSettings = {
				ASSETCATALOG_COMPILER_APPICON_NAME = AppIcon;
				CODE_SIGN_ENTITLEMENTS = NuTwitterMac/NuTwitterMac.entitlements;
				CODE_SIGN_STYLE = Automatic;
				COMBINE_HIDPI_IMAGES = YES;
				DEVELOPMENT_ASSET_PATHS = "\"NuTwitterMac/Preview Content\"";
				DEVELOPMENT_TEAM = 5ZV7828735;
				ENABLE_HARDENED_RUNTIME = YES;
				ENABLE_PREVIEWS = YES;
				INFOPLIST_FILE = NuTwitterMac/Info.plist;
				LD_RUNPATH_SEARCH_PATHS = (
					"$(inherited)",
					"@executable_path/../Frameworks",
				);
				MACOSX_DEPLOYMENT_TARGET = 10.15;
				PRODUCT_BUNDLE_IDENTIFIER = com.cjgaspari.NuTwitterMac;
				PRODUCT_NAME = "$(TARGET_NAME)";
				SDKROOT = macosx;
				SWIFT_VERSION = 5.0;
			};
			name = Debug;
		};
		84F824E224333C91006FCBE9 /* Release */ = {
			isa = XCBuildConfiguration;
			buildSettings = {
				ASSETCATALOG_COMPILER_APPICON_NAME = AppIcon;
				CODE_SIGN_ENTITLEMENTS = NuTwitterMac/NuTwitterMac.entitlements;
				CODE_SIGN_STYLE = Automatic;
				COMBINE_HIDPI_IMAGES = YES;
				DEVELOPMENT_ASSET_PATHS = "\"NuTwitterMac/Preview Content\"";
				DEVELOPMENT_TEAM = 5ZV7828735;
				ENABLE_HARDENED_RUNTIME = YES;
				ENABLE_PREVIEWS = YES;
				INFOPLIST_FILE = NuTwitterMac/Info.plist;
				LD_RUNPATH_SEARCH_PATHS = (
					"$(inherited)",
					"@executable_path/../Frameworks",
				);
				MACOSX_DEPLOYMENT_TARGET = 10.15;
				PRODUCT_BUNDLE_IDENTIFIER = com.cjgaspari.NuTwitterMac;
				PRODUCT_NAME = "$(TARGET_NAME)";
				SDKROOT = macosx;
				SWIFT_VERSION = 5.0;
			};
			name = Release;
		};
/* End XCBuildConfiguration section */

/* Begin XCConfigurationList section */
		84F824B024333BF9006FCBE9 /* Build configuration list for PBXProject "NuTwitter" */ = {
			isa = XCConfigurationList;
			buildConfigurations = (
				84F824C724333BFC006FCBE9 /* Debug */,
				84F824C824333BFC006FCBE9 /* Release */,
			);
			defaultConfigurationIsVisible = 0;
			defaultConfigurationName = Release;
		};
		84F824C924333BFC006FCBE9 /* Build configuration list for PBXNativeTarget "NuTwitter" */ = {
			isa = XCConfigurationList;
			buildConfigurations = (
				84F824CA24333BFC006FCBE9 /* Debug */,
				84F824CB24333BFC006FCBE9 /* Release */,
			);
			defaultConfigurationIsVisible = 0;
			defaultConfigurationName = Release;
		};
		84F824E024333C91006FCBE9 /* Build configuration list for PBXNativeTarget "NuTwitterMac" */ = {
			isa = XCConfigurationList;
			buildConfigurations = (
				84F824E124333C91006FCBE9 /* Debug */,
				84F824E224333C91006FCBE9 /* Release */,
			);
			defaultConfigurationIsVisible = 0;
			defaultConfigurationName = Release;
		};
/* End XCConfigurationList section */
	};
	rootObject = 84F824AD24333BF9006FCBE9 /* Project object */;
}
